
Microsoft Visual Studio Solution File, Format Version 12.00
# Visual Studio Version 17
VisualStudioVersion = 17.5.33530.505
MinimumVisualStudioVersion = 10.0.40219.1
Project("{FAE04EC0-301F-11D3-BF4B-00C04F79EFBC}") = "Input change", "Input change\Input change.csproj", "{628E2EC2-29DA-46CA-B7FC-26D784024626}"
EndProject
Global
	GlobalSection(SolutionConfigurationPlatforms) = preSolution
		Debug|Any CPU = Debug|Any CPU
		Release|Any CPU = Release|Any CPU
	EndGlobalSection
	GlobalSection(ProjectConfigurationPlatforms) = postSolution
		{628E2EC2-29DA-46CA-B7FC-26D784024626}.Debug|Any CPU.ActiveCfg = Debug|Any CPU
		{628E2EC2-29DA-46CA-B7FC-26D784024626}.Debug|Any CPU.Build.0 = Debug|Any CPU
		{628E2EC2-29DA-46CA-B7FC-26D784024626}.Release|Any CPU.ActiveCfg = Release|Any CPU
		{628E2EC2-29DA-46CA-B7FC-26D784024626}.Release|Any CPU.Build.0 = Release|Any CPU
	EndGlobalSection
	GlobalSection(SolutionProperties) = preSolution
		HideSolutionNode = FALSE
	EndGlobalSection
	GlobalSection(ExtensibilityGlobals) = postSolution
		SolutionGuid = {6EBF22A8-2D9B-42E7-92BB-A382CE978FF2}
	EndGlobalSection
EndGlobal
